// !$*UTF8*$!
{
	archiveVersion = 1;
	classes = {
	};
	objectVersion = 46;
	objects = {

/* Begin PBXBuildFile section */
		52061317F962B373E4282401 /* libPods-FLKit.a in Frameworks */ = {isa = PBXBuildFile; fileRef = 0D2D8937149A366CA96FE66A /* libPods-FLKit.a */; };
		D3071F022058D33300E7A2E3 /* FLContext.m in Sources */ = {isa = PBXBuildFile; fileRef = D3071F012058D33300E7A2E3 /* FLContext.m */; };
		D3071F052058D36F00E7A2E3 /* FLASDK.m in Sources */ = {isa = PBXBuildFile; fileRef = D3071F042058D36F00E7A2E3 /* FLASDK.m */; };
		D3071F082058D37D00E7A2E3 /* FLBSDK.m in Sources */ = {isa = PBXBuildFile; fileRef = D3071F072058D37D00E7A2E3 /* FLBSDK.m */; };
		D3071F0B2058D38900E7A2E3 /* FLCSDK.m in Sources */ = {isa = PBXBuildFile; fileRef = D3071F0A2058D38900E7A2E3 /* FLCSDK.m */; };
		D327A8AF1F3DD6EF00BC4E48 /* Main.storyboard in Resources */ = {isa = PBXBuildFile; fileRef = D327A8AD1F3DD6EF00BC4E48 /* Main.storyboard */; };
		D327A8B11F3DD6EF00BC4E48 /* Assets.xcassets in Resources */ = {isa = PBXBuildFile; fileRef = D327A8B01F3DD6EF00BC4E48 /* Assets.xcassets */; };
		D327A8B41F3DD6EF00BC4E48 /* LaunchScreen.storyboard in Resources */ = {isa = PBXBuildFile; fileRef = D327A8B21F3DD6EF00BC4E48 /* LaunchScreen.storyboard */; };
		D32B4FEF1F614FEA00CF19EC /* FLBaseBody.m in Sources */ = {isa = PBXBuildFile; fileRef = D32B4FEE1F614FEA00CF19EC /* FLBaseBody.m */; };
		D32B4FF21F61500700CF19EC /* FLTextBody.m in Sources */ = {isa = PBXBuildFile; fileRef = D32B4FF11F61500700CF19EC /* FLTextBody.m */; };
		D32B4FF51F61501900CF19EC /* FLImageBody.m in Sources */ = {isa = PBXBuildFile; fileRef = D32B4FF41F61501900CF19EC /* FLImageBody.m */; };
		D32B4FF81F6150E400CF19EC /* FLMessage.m in Sources */ = {isa = PBXBuildFile; fileRef = D32B4FF71F6150E400CF19EC /* FLMessage.m */; };
		D3503F6C1FE05393002C68FF /* UIViewController+FLADD.m in Sources */ = {isa = PBXBuildFile; fileRef = D3503F6B1FE05393002C68FF /* UIViewController+FLADD.m */; };
		D3562A2B1FE93A620097B8A3 /* 180.png in Resources */ = {isa = PBXBuildFile; fileRef = D3562A2A1FE93A620097B8A3 /* 180.png */; };
		D3562A311FEA811E0097B8A3 /* FLFriendsViewController.m in Sources */ = {isa = PBXBuildFile; fileRef = D3562A301FEA811E0097B8A3 /* FLFriendsViewController.m */; };
		D3562A361FEB88360097B8A3 /* FLRuntimeVC.m in Sources */ = {isa = PBXBuildFile; fileRef = D3562A351FEB88360097B8A3 /* FLRuntimeVC.m */; };
		D3562A391FEB9AC80097B8A3 /* NSObject+FLAdd.m in Sources */ = {isa = PBXBuildFile; fileRef = D3562A381FEB9AC80097B8A3 /* NSObject+FLAdd.m */; };
		D3562A3E1FED07500097B8A3 /* FLThreadLock.m in Sources */ = {isa = PBXBuildFile; fileRef = D3562A3D1FED07500097B8A3 /* FLThreadLock.m */; };
		D3648A7D1F44784E0071DFA0 /* AppDelegate.m in Sources */ = {isa = PBXBuildFile; fileRef = D3648A7A1F44784E0071DFA0 /* AppDelegate.m */; };
		D3648A7F1F44784E0071DFA0 /* main.m in Sources */ = {isa = PBXBuildFile; fileRef = D3648A7C1F44784E0071DFA0 /* main.m */; };
		D3648A811F4478B70071DFA0 /* Info.plist in Resources */ = {isa = PBXBuildFile; fileRef = D3648A801F4478B70071DFA0 /* Info.plist */; };
		D36AB3A31F5016BD002D51A0 /* UIView+FLAdd.m in Sources */ = {isa = PBXBuildFile; fileRef = D36AB3A21F5016BD002D51A0 /* UIView+FLAdd.m */; };
		D36AB3A61F5017AF002D51A0 /* NSString+FLAdd.m in Sources */ = {isa = PBXBuildFile; fileRef = D36AB3A51F5017AF002D51A0 /* NSString+FLAdd.m */; };
		D36AB3A91F5017ED002D51A0 /* NSDictionary+FLAdd.m in Sources */ = {isa = PBXBuildFile; fileRef = D36AB3A81F5017ED002D51A0 /* NSDictionary+FLAdd.m */; };
		D379FEBC1FF50ECF005C2522 /* FLBlockViewController.m in Sources */ = {isa = PBXBuildFile; fileRef = D379FEBB1FF50ECF005C2522 /* FLBlockViewController.m */; };
		D379FEC21FF63BCB005C2522 /* FLKVC_KVOViewController.m in Sources */ = {isa = PBXBuildFile; fileRef = D379FEC11FF63BCB005C2522 /* FLKVC_KVOViewController.m */; };
		D3B3B6992003CFA9002F51BF /* FLTestViewController.m in Sources */ = {isa = PBXBuildFile; fileRef = D3B3B6982003CFA9002F51BF /* FLTestViewController.m */; };
		D3B8D8051F53F8BC00F1FF8C /* FLAuthorizationManager.m in Sources */ = {isa = PBXBuildFile; fileRef = D3B8D8041F53F8BC00F1FF8C /* FLAuthorizationManager.m */; };
		D3C0E7301F45C4630084B953 /* FLNavigationController.m in Sources */ = {isa = PBXBuildFile; fileRef = D3C0E72F1F45C4630084B953 /* FLNavigationController.m */; };
		D3C0E7331F45C4D40084B953 /* FLViewController.m in Sources */ = {isa = PBXBuildFile; fileRef = D3C0E7321F45C4D40084B953 /* FLViewController.m */; };
/* End PBXBuildFile section */

/* Begin PBXFileReference section */
		0BF5059584DD378ACB1F2EBB /* Pods-FLKit.debug.xcconfig */ = {isa = PBXFileReference; includeInIndex = 1; lastKnownFileType = text.xcconfig; name = "Pods-FLKit.debug.xcconfig"; path = "Pods/Target Support Files/Pods-FLKit/Pods-FLKit.debug.xcconfig"; sourceTree = "<group>"; };
		0D2D8937149A366CA96FE66A /* libPods-FLKit.a */ = {isa = PBXFileReference; explicitFileType = archive.ar; includeInIndex = 0; path = "libPods-FLKit.a"; sourceTree = BUILT_PRODUCTS_DIR; };
		3BD0A49C9CAB4E2EAEC360D5 /* Pods-FLKit.release.xcconfig */ = {isa = PBXFileReference; includeInIndex = 1; lastKnownFileType = text.xcconfig; name = "Pods-FLKit.release.xcconfig"; path = "Pods/Target Support Files/Pods-FLKit/Pods-FLKit.release.xcconfig"; sourceTree = "<group>"; };
		D3071F002058D33300E7A2E3 /* FLContext.h */ = {isa = PBXFileReference; lastKnownFileType = sourcecode.c.h; path = FLContext.h; sourceTree = "<group>"; };
		D3071F012058D33300E7A2E3 /* FLContext.m */ = {isa = PBXFileReference; lastKnownFileType = sourcecode.c.objc; path = FLContext.m; sourceTree = "<group>"; };
		D3071F032058D36F00E7A2E3 /* FLASDK.h */ = {isa = PBXFileReference; lastKnownFileType = sourcecode.c.h; path = FLASDK.h; sourceTree = "<group>"; };
		D3071F042058D36F00E7A2E3 /* FLASDK.m */ = {isa = PBXFileReference; lastKnownFileType = sourcecode.c.objc; path = FLASDK.m; sourceTree = "<group>"; };
		D3071F062058D37D00E7A2E3 /* FLBSDK.h */ = {isa = PBXFileReference; lastKnownFileType = sourcecode.c.h; path = FLBSDK.h; sourceTree = "<group>"; };
		D3071F072058D37D00E7A2E3 /* FLBSDK.m */ = {isa = PBXFileReference; lastKnownFileType = sourcecode.c.objc; path = FLBSDK.m; sourceTree = "<group>"; };
		D3071F092058D38900E7A2E3 /* FLCSDK.h */ = {isa = PBXFileReference; lastKnownFileType = sourcecode.c.h; path = FLCSDK.h; sourceTree = "<group>"; };
		D3071F0A2058D38900E7A2E3 /* FLCSDK.m */ = {isa = PBXFileReference; lastKnownFileType = sourcecode.c.objc; path = FLCSDK.m; sourceTree = "<group>"; };
		D3071F0C2058D43C00E7A2E3 /* FLSDKDelegate.h */ = {isa = PBXFileReference; lastKnownFileType = sourcecode.c.h; path = FLSDKDelegate.h; sourceTree = "<group>"; };
		D327A8A11F3DD6EF00BC4E48 /* FLKit.app */ = {isa = PBXFileReference; explicitFileType = wrapper.application; includeInIndex = 0; path = FLKit.app; sourceTree = BUILT_PRODUCTS_DIR; };
		D327A8AE1F3DD6EF00BC4E48 /* Base */ = {isa = PBXFileReference; lastKnownFileType = file.storyboard; name = Base; path = Base.lproj/Main.storyboard; sourceTree = "<group>"; };
		D327A8B01F3DD6EF00BC4E48 /* Assets.xcassets */ = {isa = PBXFileReference; lastKnownFileType = folder.assetcatalog; path = Assets.xcassets; sourceTree = "<group>"; };
		D327A8B31F3DD6EF00BC4E48 /* Base */ = {isa = PBXFileReference; lastKnownFileType = file.storyboard; name = Base; path = Base.lproj/LaunchScreen.storyboard; sourceTree = "<group>"; };
		D32B4FED1F614FEA00CF19EC /* FLBaseBody.h */ = {isa = PBXFileReference; fileEncoding = 4; lastKnownFileType = sourcecode.c.h; path = FLBaseBody.h; sourceTree = "<group>"; };
		D32B4FEE1F614FEA00CF19EC /* FLBaseBody.m */ = {isa = PBXFileReference; fileEncoding = 4; lastKnownFileType = sourcecode.c.objc; path = FLBaseBody.m; sourceTree = "<group>"; };
		D32B4FF01F61500700CF19EC /* FLTextBody.h */ = {isa = PBXFileReference; fileEncoding = 4; lastKnownFileType = sourcecode.c.h; path = FLTextBody.h; sourceTree = "<group>"; };
		D32B4FF11F61500700CF19EC /* FLTextBody.m */ = {isa = PBXFileReference; fileEncoding = 4; lastKnownFileType = sourcecode.c.objc; path = FLTextBody.m; sourceTree = "<group>"; };
		D32B4FF31F61501900CF19EC /* FLImageBody.h */ = {isa = PBXFileReference; fileEncoding = 4; lastKnownFileType = sourcecode.c.h; path = FLImageBody.h; sourceTree = "<group>"; };
		D32B4FF41F61501900CF19EC /* FLImageBody.m */ = {isa = PBXFileReference; fileEncoding = 4; lastKnownFileType = sourcecode.c.objc; path = FLImageBody.m; sourceTree = "<group>"; };
		D32B4FF61F6150E400CF19EC /* FLMessage.h */ = {isa = PBXFileReference; fileEncoding = 4; lastKnownFileType = sourcecode.c.h; path = FLMessage.h; sourceTree = "<group>"; };
		D32B4FF71F6150E400CF19EC /* FLMessage.m */ = {isa = PBXFileReference; fileEncoding = 4; lastKnownFileType = sourcecode.c.objc; path = FLMessage.m; sourceTree = "<group>"; };
		D3503F6A1FE05393002C68FF /* UIViewController+FLADD.h */ = {isa = PBXFileReference; lastKnownFileType = sourcecode.c.h; path = "UIViewController+FLADD.h"; sourceTree = "<group>"; };
		D3503F6B1FE05393002C68FF /* UIViewController+FLADD.m */ = {isa = PBXFileReference; lastKnownFileType = sourcecode.c.objc; path = "UIViewController+FLADD.m"; sourceTree = "<group>"; };
		D3562A2A1FE93A620097B8A3 /* 180.png */ = {isa = PBXFileReference; lastKnownFileType = image.png; path = 180.png; sourceTree = "<group>"; };
		D3562A2F1FEA811E0097B8A3 /* FLFriendsViewController.h */ = {isa = PBXFileReference; lastKnownFileType = sourcecode.c.h; path = FLFriendsViewController.h; sourceTree = "<group>"; };
		D3562A301FEA811E0097B8A3 /* FLFriendsViewController.m */ = {isa = PBXFileReference; lastKnownFileType = sourcecode.c.objc; path = FLFriendsViewController.m; sourceTree = "<group>"; };
		D3562A341FEB88360097B8A3 /* FLRuntimeVC.h */ = {isa = PBXFileReference; lastKnownFileType = sourcecode.c.h; path = FLRuntimeVC.h; sourceTree = "<group>"; };
		D3562A351FEB88360097B8A3 /* FLRuntimeVC.m */ = {isa = PBXFileReference; lastKnownFileType = sourcecode.c.objc; path = FLRuntimeVC.m; sourceTree = "<group>"; };
		D3562A371FEB9AC80097B8A3 /* NSObject+FLAdd.h */ = {isa = PBXFileReference; lastKnownFileType = sourcecode.c.h; path = "NSObject+FLAdd.h"; sourceTree = "<group>"; };
		D3562A381FEB9AC80097B8A3 /* NSObject+FLAdd.m */ = {isa = PBXFileReference; lastKnownFileType = sourcecode.c.objc; path = "NSObject+FLAdd.m"; sourceTree = "<group>"; };
		D3562A3C1FED07500097B8A3 /* FLThreadLock.h */ = {isa = PBXFileReference; lastKnownFileType = sourcecode.c.h; path = FLThreadLock.h; sourceTree = "<group>"; };
		D3562A3D1FED07500097B8A3 /* FLThreadLock.m */ = {isa = PBXFileReference; lastKnownFileType = sourcecode.c.objc; path = FLThreadLock.m; sourceTree = "<group>"; };
		D3648A791F44784E0071DFA0 /* AppDelegate.h */ = {isa = PBXFileReference; fileEncoding = 4; lastKnownFileType = sourcecode.c.h; path = AppDelegate.h; sourceTree = "<group>"; };
		D3648A7A1F44784E0071DFA0 /* AppDelegate.m */ = {isa = PBXFileReference; fileEncoding = 4; lastKnownFileType = sourcecode.c.objc; path = AppDelegate.m; sourceTree = "<group>"; };
		D3648A7C1F44784E0071DFA0 /* main.m */ = {isa = PBXFileReference; fileEncoding = 4; lastKnownFileType = sourcecode.c.objc; path = main.m; sourceTree = "<group>"; };
		D3648A801F4478B70071DFA0 /* Info.plist */ = {isa = PBXFileReference; fileEncoding = 4; lastKnownFileType = text.plist.xml; path = Info.plist; sourceTree = "<group>"; };
		D36AB3A11F5016BD002D51A0 /* UIView+FLAdd.h */ = {isa = PBXFileReference; fileEncoding = 4; lastKnownFileType = sourcecode.c.h; path = "UIView+FLAdd.h"; sourceTree = "<group>"; };
		D36AB3A21F5016BD002D51A0 /* UIView+FLAdd.m */ = {isa = PBXFileReference; fileEncoding = 4; lastKnownFileType = sourcecode.c.objc; path = "UIView+FLAdd.m"; sourceTree = "<group>"; };
		D36AB3A41F5017AF002D51A0 /* NSString+FLAdd.h */ = {isa = PBXFileReference; fileEncoding = 4; lastKnownFileType = sourcecode.c.h; path = "NSString+FLAdd.h"; sourceTree = "<group>"; };
		D36AB3A51F5017AF002D51A0 /* NSString+FLAdd.m */ = {isa = PBXFileReference; fileEncoding = 4; lastKnownFileType = sourcecode.c.objc; path = "NSString+FLAdd.m"; sourceTree = "<group>"; };
		D36AB3A71F5017ED002D51A0 /* NSDictionary+FLAdd.h */ = {isa = PBXFileReference; fileEncoding = 4; lastKnownFileType = sourcecode.c.h; path = "NSDictionary+FLAdd.h"; sourceTree = "<group>"; };
		D36AB3A81F5017ED002D51A0 /* NSDictionary+FLAdd.m */ = {isa = PBXFileReference; fileEncoding = 4; lastKnownFileType = sourcecode.c.objc; path = "NSDictionary+FLAdd.m"; sourceTree = "<group>"; };
		D36AB3B61F503EFC002D51A0 /* PrefixHeader.pch */ = {isa = PBXFileReference; fileEncoding = 4; lastKnownFileType = sourcecode.c.h; path = PrefixHeader.pch; sourceTree = "<group>"; };
		D36AB3B71F50411B002D51A0 /* pods.h */ = {isa = PBXFileReference; fileEncoding = 4; lastKnownFileType = sourcecode.c.h; path = pods.h; sourceTree = "<group>"; };
		D379FEBA1FF50ECF005C2522 /* FLBlockViewController.h */ = {isa = PBXFileReference; lastKnownFileType = sourcecode.c.h; path = FLBlockViewController.h; sourceTree = "<group>"; };
		D379FEBB1FF50ECF005C2522 /* FLBlockViewController.m */ = {isa = PBXFileReference; lastKnownFileType = sourcecode.c.objc; path = FLBlockViewController.m; sourceTree = "<group>"; };
		D379FEC01FF63BCB005C2522 /* FLKVC_KVOViewController.h */ = {isa = PBXFileReference; lastKnownFileType = sourcecode.c.h; path = FLKVC_KVOViewController.h; sourceTree = "<group>"; };
		D379FEC11FF63BCB005C2522 /* FLKVC_KVOViewController.m */ = {isa = PBXFileReference; lastKnownFileType = sourcecode.c.objc; path = FLKVC_KVOViewController.m; sourceTree = "<group>"; };
		D3B3B6972003CFA8002F51BF /* FLTestViewController.h */ = {isa = PBXFileReference; lastKnownFileType = sourcecode.c.h; path = FLTestViewController.h; sourceTree = "<group>"; };
		D3B3B6982003CFA9002F51BF /* FLTestViewController.m */ = {isa = PBXFileReference; lastKnownFileType = sourcecode.c.objc; path = FLTestViewController.m; sourceTree = "<group>"; };
		D3B8D8031F53F8BC00F1FF8C /* FLAuthorizationManager.h */ = {isa = PBXFileReference; fileEncoding = 4; lastKnownFileType = sourcecode.c.h; path = FLAuthorizationManager.h; sourceTree = "<group>"; };
		D3B8D8041F53F8BC00F1FF8C /* FLAuthorizationManager.m */ = {isa = PBXFileReference; fileEncoding = 4; lastKnownFileType = sourcecode.c.objc; path = FLAuthorizationManager.m; sourceTree = "<group>"; };
		D3C0E72D1F45C3D60084B953 /* utils.h */ = {isa = PBXFileReference; lastKnownFileType = sourcecode.c.h; path = utils.h; sourceTree = "<group>"; };
		D3C0E72E1F45C4630084B953 /* FLNavigationController.h */ = {isa = PBXFileReference; fileEncoding = 4; lastKnownFileType = sourcecode.c.h; path = FLNavigationController.h; sourceTree = "<group>"; };
		D3C0E72F1F45C4630084B953 /* FLNavigationController.m */ = {isa = PBXFileReference; fileEncoding = 4; lastKnownFileType = sourcecode.c.objc; path = FLNavigationController.m; sourceTree = "<group>"; };
		D3C0E7311F45C4D40084B953 /* FLViewController.h */ = {isa = PBXFileReference; fileEncoding = 4; lastKnownFileType = sourcecode.c.h; path = FLViewController.h; sourceTree = "<group>"; };
		D3C0E7321F45C4D40084B953 /* FLViewController.m */ = {isa = PBXFileReference; fileEncoding = 4; lastKnownFileType = sourcecode.c.objc; path = FLViewController.m; sourceTree = "<group>"; };
/* End PBXFileReference section */

/* Begin PBXFrameworksBuildPhase section */
		D327A89E1F3DD6EF00BC4E48 /* Frameworks */ = {
			isa = PBXFrameworksBuildPhase;
			buildActionMask = 2147483647;
			files = (
				52061317F962B373E4282401 /* libPods-FLKit.a in Frameworks */,
			);
			runOnlyForDeploymentPostprocessing = 0;
		};
/* End PBXFrameworksBuildPhase section */

/* Begin PBXGroup section */
		89D320ACAA06B8BAB7F3DB89 /* Frameworks */ = {
			isa = PBXGroup;
			children = (
				0D2D8937149A366CA96FE66A /* libPods-FLKit.a */,
			);
			name = Frameworks;
			sourceTree = "<group>";
		};
		94DAD889F66DD369D77897E9 /* Pods */ = {
			isa = PBXGroup;
			children = (
				0BF5059584DD378ACB1F2EBB /* Pods-FLKit.debug.xcconfig */,
				3BD0A49C9CAB4E2EAEC360D5 /* Pods-FLKit.release.xcconfig */,
			);
			name = Pods;
			sourceTree = "<group>";
		};
		D3071EFE2058D2B700E7A2E3 /* DesignPatterns */ = {
			isa = PBXGroup;
			children = (
				D3071EFF2058D2D800E7A2E3 /* Strategy(策略模式) */,
			);
			path = DesignPatterns;
			sourceTree = "<group>";
		};
		D3071EFF2058D2D800E7A2E3 /* Strategy(策略模式) */ = {
			isa = PBXGroup;
			children = (
				D3071F002058D33300E7A2E3 /* FLContext.h */,
				D3071F012058D33300E7A2E3 /* FLContext.m */,
				D3071F032058D36F00E7A2E3 /* FLASDK.h */,
				D3071F042058D36F00E7A2E3 /* FLASDK.m */,
				D3071F062058D37D00E7A2E3 /* FLBSDK.h */,
				D3071F072058D37D00E7A2E3 /* FLBSDK.m */,
				D3071F092058D38900E7A2E3 /* FLCSDK.h */,
				D3071F0A2058D38900E7A2E3 /* FLCSDK.m */,
				D3071F0C2058D43C00E7A2E3 /* FLSDKDelegate.h */,
			);
			path = "Strategy(策略模式)";
			sourceTree = "<group>";
		};
		D327A8981F3DD6EF00BC4E48 = {
			isa = PBXGroup;
			children = (
				D327A8A31F3DD6EF00BC4E48 /* FLKit */,
				D327A8A21F3DD6EF00BC4E48 /* Products */,
				94DAD889F66DD369D77897E9 /* Pods */,
				89D320ACAA06B8BAB7F3DB89 /* Frameworks */,
			);
			sourceTree = "<group>";
		};
		D327A8A21F3DD6EF00BC4E48 /* Products */ = {
			isa = PBXGroup;
			children = (
				D327A8A11F3DD6EF00BC4E48 /* FLKit.app */,
			);
			name = Products;
			sourceTree = "<group>";
		};
		D327A8A31F3DD6EF00BC4E48 /* FLKit */ = {
			isa = PBXGroup;
			children = (
				D36AB3AA1F5019CA002D51A0 /* KNOWLEDGES */,
				D36AB39C1F501673002D51A0 /* Utils */,
				D36AB39A1F5015DD002D51A0 /* Manager */,
				D3648A781F44784E0071DFA0 /* Main */,
				D3C0E7271F45C2710084B953 /* BaseClasses */,
				D3C0E7281F45C2710084B953 /* Define */,
				D3C0E7261F45C2680084B953 /* Libs */,
				D3C0E7251F45C2610084B953 /* Modules */,
				D327A8A41F3DD6EF00BC4E48 /* Supporting Files */,
			);
			path = FLKit;
			sourceTree = "<group>";
		};
		D327A8A41F3DD6EF00BC4E48 /* Supporting Files */ = {
			isa = PBXGroup;
			children = (
				D3562A2A1FE93A620097B8A3 /* 180.png */,
				D36AB3B61F503EFC002D51A0 /* PrefixHeader.pch */,
				D3648A801F4478B70071DFA0 /* Info.plist */,
				D327A8AD1F3DD6EF00BC4E48 /* Main.storyboard */,
				D327A8B01F3DD6EF00BC4E48 /* Assets.xcassets */,
				D327A8B21F3DD6EF00BC4E48 /* LaunchScreen.storyboard */,
			);
			name = "Supporting Files";
			sourceTree = "<group>";
		};
		D3562A331FEB88200097B8A3 /* Others */ = {
			isa = PBXGroup;
			children = (
				D3562A341FEB88360097B8A3 /* FLRuntimeVC.h */,
				D379FEC01FF63BCB005C2522 /* FLKVC_KVOViewController.h */,
				D379FEC11FF63BCB005C2522 /* FLKVC_KVOViewController.m */,
				D3562A351FEB88360097B8A3 /* FLRuntimeVC.m */,
				D3562A3C1FED07500097B8A3 /* FLThreadLock.h */,
				D3562A3D1FED07500097B8A3 /* FLThreadLock.m */,
				D379FEBA1FF50ECF005C2522 /* FLBlockViewController.h */,
				D379FEBB1FF50ECF005C2522 /* FLBlockViewController.m */,
				D3B3B6972003CFA8002F51BF /* FLTestViewController.h */,
				D3B3B6982003CFA9002F51BF /* FLTestViewController.m */,
			);
			path = Others;
			sourceTree = "<group>";
		};
		D3648A781F44784E0071DFA0 /* Main */ = {
			isa = PBXGroup;
			children = (
				D3648A791F44784E0071DFA0 /* AppDelegate.h */,
				D3648A7A1F44784E0071DFA0 /* AppDelegate.m */,
				D3648A7C1F44784E0071DFA0 /* main.m */,
			);
			path = Main;
			sourceTree = "<group>";
		};
		D36AB39A1F5015DD002D51A0 /* Manager */ = {
			isa = PBXGroup;
			children = (
				D3B8D8031F53F8BC00F1FF8C /* FLAuthorizationManager.h */,
				D3B8D8041F53F8BC00F1FF8C /* FLAuthorizationManager.m */,
			);
			path = Manager;
			sourceTree = "<group>";
		};
		D36AB39C1F501673002D51A0 /* Utils */ = {
			isa = PBXGroup;
			children = (
				D36AB3A01F5016BD002D51A0 /* Category */,
			);
			path = Utils;
			sourceTree = "<group>";
		};
		D36AB3A01F5016BD002D51A0 /* Category */ = {
			isa = PBXGroup;
			children = (
				D3562A371FEB9AC80097B8A3 /* NSObject+FLAdd.h */,
				D3562A381FEB9AC80097B8A3 /* NSObject+FLAdd.m */,
				D36AB3A11F5016BD002D51A0 /* UIView+FLAdd.h */,
				D36AB3A21F5016BD002D51A0 /* UIView+FLAdd.m */,
				D36AB3A41F5017AF002D51A0 /* NSString+FLAdd.h */,
				D36AB3A51F5017AF002D51A0 /* NSString+FLAdd.m */,
				D36AB3A71F5017ED002D51A0 /* NSDictionary+FLAdd.h */,
				D36AB3A81F5017ED002D51A0 /* NSDictionary+FLAdd.m */,
				D3503F6A1FE05393002C68FF /* UIViewController+FLADD.h */,
				D3503F6B1FE05393002C68FF /* UIViewController+FLADD.m */,
			);
			path = Category;
			sourceTree = "<group>";
		};
		D36AB3AA1F5019CA002D51A0 /* KNOWLEDGES */ = {
			isa = PBXGroup;
			children = (
				D36AB3AB1F5019CA002D51A0 /* DS(数据结构) */,
				D36AB3AC1F5019CA002D51A0 /* NETWORK(计算机网络) */,
				D36AB3AD1F5019CA002D51A0 /* OS(操作系统) */,
				D36AB3AE1F5019CA002D51A0 /* PL(编程语言) */,
			);
			path = KNOWLEDGES;
			sourceTree = "<group>";
		};
		D36AB3AB1F5019CA002D51A0 /* DS(数据结构) */ = {
			isa = PBXGroup;
			children = (
			);
			path = "DS(数据结构)";
			sourceTree = "<group>";
		};
		D36AB3AC1F5019CA002D51A0 /* NETWORK(计算机网络) */ = {
			isa = PBXGroup;
			children = (
			);
			path = "NETWORK(计算机网络)";
			sourceTree = "<group>";
		};
		D36AB3AD1F5019CA002D51A0 /* OS(操作系统) */ = {
			isa = PBXGroup;
			children = (
			);
			path = "OS(操作系统)";
			sourceTree = "<group>";
		};
		D36AB3AE1F5019CA002D51A0 /* PL(编程语言) */ = {
			isa = PBXGroup;
			children = (
				D36AB3AF1F5019FE002D51A0 /* C */,
				D36AB3B01F5019FE002D51A0 /* C++ */,
				D36AB3B11F5019FE002D51A0 /* JAVA */,
				D36AB3B21F5019FE002D51A0 /* OC */,
				D36AB3B31F5019FE002D51A0 /* SWIFT */,
			);
			path = "PL(编程语言)";
			sourceTree = "<group>";
		};
		D36AB3AF1F5019FE002D51A0 /* C */ = {
			isa = PBXGroup;
			children = (
			);
			path = C;
			sourceTree = "<group>";
		};
		D36AB3B01F5019FE002D51A0 /* C++ */ = {
			isa = PBXGroup;
			children = (
			);
			path = "C++";
			sourceTree = "<group>";
		};
		D36AB3B11F5019FE002D51A0 /* JAVA */ = {
			isa = PBXGroup;
			children = (
			);
			path = JAVA;
			sourceTree = "<group>";
		};
		D36AB3B21F5019FE002D51A0 /* OC */ = {
			isa = PBXGroup;
			children = (
				D3071EFE2058D2B700E7A2E3 /* DesignPatterns */,
			);
			path = OC;
			sourceTree = "<group>";
		};
		D36AB3B31F5019FE002D51A0 /* SWIFT */ = {
			isa = PBXGroup;
			children = (
			);
			path = SWIFT;
			sourceTree = "<group>";
		};
		D3C0E7251F45C2610084B953 /* Modules */ = {
			isa = PBXGroup;
			children = (
				D3562A331FEB88200097B8A3 /* Others */,
				D3C0E7291F45C3610084B953 /* Conversation */,
				D3C0E72A1F45C3610084B953 /* Friends */,
				D3C0E72B1F45C3610084B953 /* Now */,
				D3C0E72C1F45C3610084B953 /* Set */,
			);
			path = Modules;
			sourceTree = "<group>";
		};
		D3C0E7261F45C2680084B953 /* Libs */ = {
			isa = PBXGroup;
			children = (
			);
			path = Libs;
			sourceTree = "<group>";
		};
		D3C0E7271F45C2710084B953 /* BaseClasses */ = {
			isa = PBXGroup;
			children = (
				D3C0E72E1F45C4630084B953 /* FLNavigationController.h */,
				D3C0E72F1F45C4630084B953 /* FLNavigationController.m */,
				D3C0E7311F45C4D40084B953 /* FLViewController.h */,
				D3C0E7321F45C4D40084B953 /* FLViewController.m */,
			);
			path = BaseClasses;
			sourceTree = "<group>";
		};
		D3C0E7281F45C2710084B953 /* Define */ = {
			isa = PBXGroup;
			children = (
				D3C0E72D1F45C3D60084B953 /* utils.h */,
				D36AB3B71F50411B002D51A0 /* pods.h */,
			);
			path = Define;
			sourceTree = "<group>";
		};
		D3C0E7291F45C3610084B953 /* Conversation */ = {
			isa = PBXGroup;
			children = (
				D32B4FF31F61501900CF19EC /* FLImageBody.h */,
				D32B4FF41F61501900CF19EC /* FLImageBody.m */,
				D32B4FF01F61500700CF19EC /* FLTextBody.h */,
				D32B4FF11F61500700CF19EC /* FLTextBody.m */,
				D32B4FED1F614FEA00CF19EC /* FLBaseBody.h */,
				D32B4FEE1F614FEA00CF19EC /* FLBaseBody.m */,
				D32B4FF61F6150E400CF19EC /* FLMessage.h */,
				D32B4FF71F6150E400CF19EC /* FLMessage.m */,
			);
			path = Conversation;
			sourceTree = "<group>";
		};
		D3C0E72A1F45C3610084B953 /* Friends */ = {
			isa = PBXGroup;
			children = (
				D3562A2F1FEA811E0097B8A3 /* FLFriendsViewController.h */,
				D3562A301FEA811E0097B8A3 /* FLFriendsViewController.m */,
			);
			path = Friends;
			sourceTree = "<group>";
		};
		D3C0E72B1F45C3610084B953 /* Now */ = {
			isa = PBXGroup;
			children = (
			);
			path = Now;
			sourceTree = "<group>";
		};
		D3C0E72C1F45C3610084B953 /* Set */ = {
			isa = PBXGroup;
			children = (
			);
			path = Set;
			sourceTree = "<group>";
		};
/* End PBXGroup section */

/* Begin PBXNativeTarget section */
		D327A8A01F3DD6EF00BC4E48 /* FLKit */ = {
			isa = PBXNativeTarget;
			buildConfigurationList = D327A8B81F3DD6EF00BC4E48 /* Build configuration list for PBXNativeTarget "FLKit" */;
			buildPhases = (
				EDB042DE69A40A7F628F106D /* [CP] Check Pods Manifest.lock */,
				D327A89D1F3DD6EF00BC4E48 /* Sources */,
				D327A89E1F3DD6EF00BC4E48 /* Frameworks */,
				D327A89F1F3DD6EF00BC4E48 /* Resources */,
				8AF57E473378FBF939492C66 /* [CP] Embed Pods Frameworks */,
				6B93B151E8EE870E4F855B52 /* [CP] Copy Pods Resources */,
			);
			buildRules = (
			);
			dependencies = (
			);
			name = FLKit;
			productName = FLKit;
			productReference = D327A8A11F3DD6EF00BC4E48 /* FLKit.app */;
			productType = "com.apple.product-type.application";
		};
/* End PBXNativeTarget section */

/* Begin PBXProject section */
		D327A8991F3DD6EF00BC4E48 /* Project object */ = {
			isa = PBXProject;
			attributes = {
				CLASSPREFIX = FL;
				LastUpgradeCheck = 0830;
				ORGANIZATIONNAME = easemob;
				TargetAttributes = {
					D327A8A01F3DD6EF00BC4E48 = {
						CreatedOnToolsVersion = 8.3.3;
						DevelopmentTeam = JC854K845H;
						ProvisioningStyle = Automatic;
					};
				};
			};
			buildConfigurationList = D327A89C1F3DD6EF00BC4E48 /* Build configuration list for PBXProject "FLKit" */;
			compatibilityVersion = "Xcode 3.2";
			developmentRegion = English;
			hasScannedForEncodings = 0;
			knownRegions = (
				en,
				Base,
			);
			mainGroup = D327A8981F3DD6EF00BC4E48;
			productRefGroup = D327A8A21F3DD6EF00BC4E48 /* Products */;
			projectDirPath = "";
			projectRoot = "";
			targets = (
				D327A8A01F3DD6EF00BC4E48 /* FLKit */,
			);
		};
/* End PBXProject section */

/* Begin PBXResourcesBuildPhase section */
		D327A89F1F3DD6EF00BC4E48 /* Resources */ = {
			isa = PBXResourcesBuildPhase;
			buildActionMask = 2147483647;
			files = (
				D3562A2B1FE93A620097B8A3 /* 180.png in Resources */,
				D3648A811F4478B70071DFA0 /* Info.plist in Resources */,
				D327A8B41F3DD6EF00BC4E48 /* LaunchScreen.storyboard in Resources */,
				D327A8B11F3DD6EF00BC4E48 /* Assets.xcassets in Resources */,
				D327A8AF1F3DD6EF00BC4E48 /* Main.storyboard in Resources */,
			);
			runOnlyForDeploymentPostprocessing = 0;
		};
/* End PBXResourcesBuildPhase section */

/* Begin PBXShellScriptBuildPhase section */
		6B93B151E8EE870E4F855B52 /* [CP] Copy Pods Resources */ = {
			isa = PBXShellScriptBuildPhase;
			buildActionMask = 2147483647;
			files = (
			);
			inputPaths = (
			);
			name = "[CP] Copy Pods Resources";
			outputPaths = (
			);
			runOnlyForDeploymentPostprocessing = 0;
			shellPath = /bin/sh;
			shellScript = "\"${SRCROOT}/Pods/Target Support Files/Pods-FLKit/Pods-FLKit-resources.sh\"\n";
			showEnvVarsInLog = 0;
		};
		8AF57E473378FBF939492C66 /* [CP] Embed Pods Frameworks */ = {
			isa = PBXShellScriptBuildPhase;
			buildActionMask = 2147483647;
			files = (
			);
			inputPaths = (
			);
			name = "[CP] Embed Pods Frameworks";
			outputPaths = (
			);
			runOnlyForDeploymentPostprocessing = 0;
			shellPath = /bin/sh;
			shellScript = "\"${SRCROOT}/Pods/Target Support Files/Pods-FLKit/Pods-FLKit-frameworks.sh\"\n";
			showEnvVarsInLog = 0;
		};
		EDB042DE69A40A7F628F106D /* [CP] Check Pods Manifest.lock */ = {
			isa = PBXShellScriptBuildPhase;
			buildActionMask = 2147483647;
			files = (
			);
			inputPaths = (
			);
			name = "[CP] Check Pods Manifest.lock";
			outputPaths = (
			);
			runOnlyForDeploymentPostprocessing = 0;
			shellPath = /bin/sh;
			shellScript = "diff \"${PODS_ROOT}/../Podfile.lock\" \"${PODS_ROOT}/Manifest.lock\" > /dev/null\nif [ $? != 0 ] ; then\n    # print error to STDERR\n    echo \"error: The sandbox is not in sync with the Podfile.lock. Run 'pod install' or update your CocoaPods installation.\" >&2\n    exit 1\nfi\n";
			showEnvVarsInLog = 0;
		};
/* End PBXShellScriptBuildPhase section */

/* Begin PBXSourcesBuildPhase section */
		D327A89D1F3DD6EF00BC4E48 /* Sources */ = {
			isa = PBXSourcesBuildPhase;
			buildActionMask = 2147483647;
			files = (
				D32B4FF21F61500700CF19EC /* FLTextBody.m in Sources */,
				D3071F022058D33300E7A2E3 /* FLContext.m in Sources */,
				D3503F6C1FE05393002C68FF /* UIViewController+FLADD.m in Sources */,
				D3562A311FEA811E0097B8A3 /* FLFriendsViewController.m in Sources */,
				D3562A3E1FED07500097B8A3 /* FLThreadLock.m in Sources */,
				D32B4FEF1F614FEA00CF19EC /* FLBaseBody.m in Sources */,
				D3648A7D1F44784E0071DFA0 /* AppDelegate.m in Sources */,
				D3B8D8051F53F8BC00F1FF8C /* FLAuthorizationManager.m in Sources */,
				D3071F082058D37D00E7A2E3 /* FLBSDK.m in Sources */,
				D3648A7F1F44784E0071DFA0 /* main.m in Sources */,
				D3071F0B2058D38900E7A2E3 /* FLCSDK.m in Sources */,
				D3562A361FEB88360097B8A3 /* FLRuntimeVC.m in Sources */,
				D3071F052058D36F00E7A2E3 /* FLASDK.m in Sources */,
				D32B4FF81F6150E400CF19EC /* FLMessage.m in Sources */,
				D3B3B6992003CFA9002F51BF /* FLTestViewController.m in Sources */,
				D3562A391FEB9AC80097B8A3 /* NSObject+FLAdd.m in Sources */,
				D379FEC21FF63BCB005C2522 /* FLKVC_KVOViewController.m in Sources */,
				D3C0E7331F45C4D40084B953 /* FLViewController.m in Sources */,
				D36AB3A31F5016BD002D51A0 /* UIView+FLAdd.m in Sources */,
				D36AB3A91F5017ED002D51A0 /* NSDictionary+FLAdd.m in Sources */,
				D3C0E7301F45C4630084B953 /* FLNavigationController.m in Sources */,
				D32B4FF51F61501900CF19EC /* FLImageBody.m in Sources */,
				D379FEBC1FF50ECF005C2522 /* FLBlockViewController.m in Sources */,
				D36AB3A61F5017AF002D51A0 /* NSString+FLAdd.m in Sources */,
			);
			runOnlyForDeploymentPostprocessing = 0;
		};
/* End PBXSourcesBuildPhase section */

/* Begin PBXVariantGroup section */
		D327A8AD1F3DD6EF00BC4E48 /* Main.storyboard */ = {
			isa = PBXVariantGroup;
			children = (
				D327A8AE1F3DD6EF00BC4E48 /* Base */,
			);
			name = Main.storyboard;
			sourceTree = "<group>";
		};
		D327A8B21F3DD6EF00BC4E48 /* LaunchScreen.storyboard */ = {
			isa = PBXVariantGroup;
			children = (
				D327A8B31F3DD6EF00BC4E48 /* Base */,
			);
			name = LaunchScreen.storyboard;
			sourceTree = "<group>";
		};
/* End PBXVariantGroup section */

/* Begin XCBuildConfiguration section */
		D327A8B61F3DD6EF00BC4E48 /* Debug */ = {
			isa = XCBuildConfiguration;
			buildSettings = {
				ALWAYS_SEARCH_USER_PATHS = NO;
				CLANG_ANALYZER_NONNULL = YES;
				CLANG_ANALYZER_NUMBER_OBJECT_CONVERSION = YES_AGGRESSIVE;
				CLANG_CXX_LANGUAGE_STANDARD = "gnu++0x";
				CLANG_CXX_LIBRARY = "libc++";
				CLANG_ENABLE_MODULES = YES;
				CLANG_ENABLE_OBJC_ARC = YES;
				CLANG_WARN_BOOL_CONVERSION = YES;
				CLANG_WARN_CONSTANT_CONVERSION = YES;
				CLANG_WARN_DIRECT_OBJC_ISA_USAGE = YES_ERROR;
				CLANG_WARN_DOCUMENTATION_COMMENTS = YES;
				CLANG_WARN_EMPTY_BODY = YES;
				CLANG_WARN_ENUM_CONVERSION = YES;
				CLANG_WARN_INFINITE_RECURSION = YES;
				CLANG_WARN_INT_CONVERSION = YES;
				CLANG_WARN_OBJC_ROOT_CLASS = YES_ERROR;
				CLANG_WARN_SUSPICIOUS_MOVE = YES;
				CLANG_WARN_UNREACHABLE_CODE = YES;
				CLANG_WARN__DUPLICATE_METHOD_MATCH = YES;
				"CODE_SIGN_IDENTITY[sdk=iphoneos*]" = "iPhone Developer";
				COPY_PHASE_STRIP = NO;
				DEBUG_INFORMATION_FORMAT = dwarf;
				ENABLE_STRICT_OBJC_MSGSEND = YES;
				ENABLE_TESTABILITY = YES;
				GCC_C_LANGUAGE_STANDARD = gnu99;
				GCC_DYNAMIC_NO_PIC = NO;
				GCC_NO_COMMON_BLOCKS = YES;
				GCC_OPTIMIZATION_LEVEL = 0;
				GCC_PREPROCESSOR_DEFINITIONS = (
					"DEBUG=1",
					"$(inherited)",
				);
				GCC_WARN_64_TO_32_BIT_CONVERSION = YES;
				GCC_WARN_ABOUT_RETURN_TYPE = YES_ERROR;
				GCC_WARN_UNDECLARED_SELECTOR = YES;
				GCC_WARN_UNINITIALIZED_AUTOS = YES_AGGRESSIVE;
				GCC_WARN_UNUSED_FUNCTION = YES;
				GCC_WARN_UNUSED_VARIABLE = YES;
				IPHONEOS_DEPLOYMENT_TARGET = 10.3;
				MTL_ENABLE_DEBUG_INFO = YES;
				ONLY_ACTIVE_ARCH = YES;
				SDKROOT = iphoneos;
			};
			name = Debug;
		};
		D327A8B71F3DD6EF00BC4E48 /* Release */ = {
			isa = XCBuildConfiguration;
			buildSettings = {
				ALWAYS_SEARCH_USER_PATHS = NO;
				CLANG_ANALYZER_NONNULL = YES;
				CLANG_ANALYZER_NUMBER_OBJECT_CONVERSION = YES_AGGRESSIVE;
				CLANG_CXX_LANGUAGE_STANDARD = "gnu++0x";
				CLANG_CXX_LIBRARY = "libc++";
				CLANG_ENABLE_MODULES = YES;
				CLANG_ENABLE_OBJC_ARC = YES;
				CLANG_WARN_BOOL_CONVERSION = YES;
				CLANG_WARN_CONSTANT_CONVERSION = YES;
				CLANG_WARN_DIRECT_OBJC_ISA_USAGE = YES_ERROR;
				CLANG_WARN_DOCUMENTATION_COMMENTS = YES;
				CLANG_WARN_EMPTY_BODY = YES;
				CLANG_WARN_ENUM_CONVERSION = YES;
				CLANG_WARN_INFINITE_RECURSION = YES;
				CLANG_WARN_INT_CONVERSION = YES;
				CLANG_WARN_OBJC_ROOT_CLASS = YES_ERROR;
				CLANG_WARN_SUSPICIOUS_MOVE = YES;
				CLANG_WARN_UNREACHABLE_CODE = YES;
				CLANG_WARN__DUPLICATE_METHOD_MATCH = YES;
				"CODE_SIGN_IDENTITY[sdk=iphoneos*]" = "iPhone Developer";
				COPY_PHASE_STRIP = NO;
				DEBUG_INFORMATION_FORMAT = "dwarf-with-dsym";
				ENABLE_NS_ASSERTIONS = NO;
				ENABLE_STRICT_OBJC_MSGSEND = YES;
				GCC_C_LANGUAGE_STANDARD = gnu99;
				GCC_NO_COMMON_BLOCKS = YES;
				GCC_WARN_64_TO_32_BIT_CONVERSION = YES;
				GCC_WARN_ABOUT_RETURN_TYPE = YES_ERROR;
				GCC_WARN_UNDECLARED_SELECTOR = YES;
				GCC_WARN_UNINITIALIZED_AUTOS = YES_AGGRESSIVE;
				GCC_WARN_UNUSED_FUNCTION = YES;
				GCC_WARN_UNUSED_VARIABLE = YES;
				IPHONEOS_DEPLOYMENT_TARGET = 10.3;
				MTL_ENABLE_DEBUG_INFO = NO;
				SDKROOT = iphoneos;
				VALIDATE_PRODUCT = YES;
			};
			name = Release;
		};
		D327A8B91F3DD6EF00BC4E48 /* Debug */ = {
			isa = XCBuildConfiguration;
			baseConfigurationReference = 0BF5059584DD378ACB1F2EBB /* Pods-FLKit.debug.xcconfig */;
			buildSettings = {
				ASSETCATALOG_COMPILER_APPICON_NAME = AppIcon;
				DEVELOPMENT_TEAM = JC854K845H;
				FRAMEWORK_SEARCH_PATHS = (
					"$(inherited)",
					"$(PROJECT_DIR)/FLKit",
				);
				GCC_C_LANGUAGE_STANDARD = "compiler-default";
				GCC_PRECOMPILE_PREFIX_HEADER = YES;
				GCC_PREFIX_HEADER = FLKit/PrefixHeader.pch;
				INFOPLIST_FILE = FLKit/Info.plist;
				IPHONEOS_DEPLOYMENT_TARGET = 8.0;
				LD_RUNPATH_SEARCH_PATHS = "$(inherited) @executable_path/Frameworks";
				PRODUCT_BUNDLE_IDENTIFIER = com.easemob.FLKit;
				PRODUCT_NAME = "$(TARGET_NAME)";
			};
			name = Debug;
		};
		D327A8BA1F3DD6EF00BC4E48 /* Release */ = {
			isa = XCBuildConfiguration;
			baseConfigurationReference = 3BD0A49C9CAB4E2EAEC360D5 /* Pods-FLKit.release.xcconfig */;
			buildSettings = {
				ASSETCATALOG_COMPILER_APPICON_NAME = AppIcon;
				DEVELOPMENT_TEAM = JC854K845H;
				FRAMEWORK_SEARCH_PATHS = (
					"$(inherited)",
					"$(PROJECT_DIR)/FLKit",
				);
				GCC_C_LANGUAGE_STANDARD = "compiler-default";
				GCC_PRECOMPILE_PREFIX_HEADER = YES;
				GCC_PREFIX_HEADER = FLKit/PrefixHeader.pch;
				INFOPLIST_FILE = FLKit/Info.plist;
				IPHONEOS_DEPLOYMENT_TARGET = 8.0;
				LD_RUNPATH_SEARCH_PATHS = "$(inherited) @executable_path/Frameworks";
				PRODUCT_BUNDLE_IDENTIFIER = com.easemob.FLKit;
				PRODUCT_NAME = "$(TARGET_NAME)";
			};
			name = Release;
		};
/* End XCBuildConfiguration section */

/* Begin XCConfigurationList section */
		D327A89C1F3DD6EF00BC4E48 /* Build configuration list for PBXProject "FLKit" */ = {
			isa = XCConfigurationList;
			buildConfigurations = (
				D327A8B61F3DD6EF00BC4E48 /* Debug */,
				D327A8B71F3DD6EF00BC4E48 /* Release */,
			);
			defaultConfigurationIsVisible = 0;
			defaultConfigurationName = Release;
		};
		D327A8B81F3DD6EF00BC4E48 /* Build configuration list for PBXNativeTarget "FLKit" */ = {
			isa = XCConfigurationList;
			buildConfigurations = (
				D327A8B91F3DD6EF00BC4E48 /* Debug */,
				D327A8BA1F3DD6EF00BC4E48 /* Release */,
			);
			defaultConfigurationIsVisible = 0;
			defaultConfigurationName = Release;
		};
/* End XCConfigurationList section */
	};
	rootObject = D327A8991F3DD6EF00BC4E48 /* Project object */;
}
